
Microsoft Visual Studio Solution File, Format Version 12.00
# Visual Studio Version 17
VisualStudioVersion = 17.8.34525.116
MinimumVisualStudioVersion = 10.0.40219.1
Project("{9A19103F-16F7-4668-BE54-9A1E7A4F7556}") = "Journal", "Journal\Journal.csproj", "{7A133E45-8248-4A57-A2EE-D23F77F0665B}"
EndProject
Project("{9A19103F-16F7-4668-BE54-9A1E7A4F7556}") = "Journal.Tests", "Journal.Tests\Journal.Tests.csproj", "{5B2152EE-84F5-4029-9C3E-E31E992D610E}"
EndProject
Project("{2150E333-8FDC-42A3-9474-1A3956D46DE8}") = "Database", "Database", "{AAA947BE-9179-4BB5-9BA1-909C4E770B55}"
EndProject
Project("{9A19103F-16F7-4668-BE54-9A1E7A4F7556}") = "Journal.Database", "Journal.Database\Journal.Database.csproj", "{72754ECC-35A2-41E7-A0F1-287915FA443B}"
EndProject
Project("{2150E333-8FDC-42A3-9474-1A3956D46DE8}") = "Web", "Web", "{5EADB0E9-929F-4F15-B9BC-66B2D02E8A05}"
EndProject
Global
	GlobalSection(SolutionConfigurationPlatforms) = preSolution
		Debug|Any CPU = Debug|Any CPU
		Release|Any CPU = Release|Any CPU
	EndGlobalSection
	GlobalSection(ProjectConfigurationPlatforms) = postSolution
		{7A133E45-8248-4A57-A2EE-D23F77F0665B}.Debug|Any CPU.ActiveCfg = Debug|Any CPU
		{7A133E45-8248-4A57-A2EE-D23F77F0665B}.Debug|Any CPU.Build.0 = Debug|Any CPU
		{7A133E45-8248-4A57-A2EE-D23F77F0665B}.Release|Any CPU.ActiveCfg = Release|Any CPU
		{7A133E45-8248-4A57-A2EE-D23F77F0665B}.Release|Any CPU.Build.0 = Release|Any CPU
		{5B2152EE-84F5-4029-9C3E-E31E992D610E}.Debug|Any CPU.ActiveCfg = Debug|Any CPU
		{5B2152EE-84F5-4029-9C3E-E31E992D610E}.Debug|Any CPU.Build.0 = Debug|Any CPU
		{5B2152EE-84F5-4029-9C3E-E31E992D610E}.Release|Any CPU.ActiveCfg = Release|Any CPU
		{5B2152EE-84F5-4029-9C3E-E31E992D610E}.Release|Any CPU.Build.0 = Release|Any CPU
		{72754ECC-35A2-41E7-A0F1-287915FA443B}.Debug|Any CPU.ActiveCfg = Debug|Any CPU
		{72754ECC-35A2-41E7-A0F1-287915FA443B}.Debug|Any CPU.Build.0 = Debug|Any CPU
		{72754ECC-35A2-41E7-A0F1-287915FA443B}.Release|Any CPU.ActiveCfg = Release|Any CPU
		{72754ECC-35A2-41E7-A0F1-287915FA443B}.Release|Any CPU.Build.0 = Release|Any CPU
	EndGlobalSection
	GlobalSection(SolutionProperties) = preSolution
		HideSolutionNode = FALSE
	EndGlobalSection
	GlobalSection(NestedProjects) = preSolution
		{7A133E45-8248-4A57-A2EE-D23F77F0665B} = {5EADB0E9-929F-4F15-B9BC-66B2D02E8A05}
		{5B2152EE-84F5-4029-9C3E-E31E992D610E} = {5EADB0E9-929F-4F15-B9BC-66B2D02E8A05}
		{72754ECC-35A2-41E7-A0F1-287915FA443B} = {AAA947BE-9179-4BB5-9BA1-909C4E770B55}
	EndGlobalSection
	GlobalSection(ExtensibilityGlobals) = postSolution
		SolutionGuid = {C7E49D51-81B3-4CF0-A089-120C13C69FF5}
	EndGlobalSection
EndGlobal
