
Microsoft Visual Studio Solution File, Format Version 12.00
# Visual Studio Version 17
VisualStudioVersion = 17.8.34525.116
MinimumVisualStudioVersion = 10.0.40219.1
Project("{9A19103F-16F7-4668-BE54-9A1E7A4F7556}") = "Journal", "Journal\Journal.csproj", "{7A133E45-8248-4A57-A2EE-D23F77F0665B}"
EndProject
Project("{9A19103F-16F7-4668-BE54-9A1E7A4F7556}") = "Journal.Tests", "Journal.Tests\Journal.Tests.csproj", "{5B2152EE-84F5-4029-9C3E-E31E992D610E}"
EndProject
Project("{2150E333-8FDC-42A3-9474-1A3956D46DE8}") = "Database", "Database", "{AAA947BE-9179-4BB5-9BA1-909C4E770B55}"
EndProject
Project("{9A19103F-16F7-4668-BE54-9A1E7A4F7556}") = "Journal.Database", "Journal.Database\Journal.Database.csproj", "{72754ECC-35A2-41E7-A0F1-287915FA443B}"
EndProject
Project("{2150E333-8FDC-42A3-9474-1A3956D46DE8}") = "Web", "Web", "{5EADB0E9-929F-4F15-B9BC-66B2D02E8A05}"
EndProject
Project("{2150E333-8FDC-42A3-9474-1A3956D46DE8}") = "Shared", "Shared", "{4B70D702-3CF5-47BD-A1C3-FF9EF1721922}"
EndProject
Project("{9A19103F-16F7-4668-BE54-9A1E7A4F7556}") = "Journal.Shared", "Journal.Shared\Journal.Shared.csproj", "{DE979CDD-C225-4B62-AE01-0002D8E7189F}"
EndProject
Project("{FAE04EC0-301F-11D3-BF4B-00C04F79EFBC}") = "Journal.Database.Tests", "Journal.Database.Tests\Journal.Database.Tests.csproj", "{1277DDC0-FF6D-4FCE-81E4-CFD2DE2658C9}"
EndProject
Project("{FAE04EC0-301F-11D3-BF4B-00C04F79EFBC}") = "Journal.Shared.Tests", "Journal.Shared.Tests\Journal.Shared.Tests.csproj", "{3A3632EA-2C91-4E85-98DF-FDC4628E5468}"
EndProject
Global
	GlobalSection(SolutionConfigurationPlatforms) = preSolution
		Debug|Any CPU = Debug|Any CPU
		Release|Any CPU = Release|Any CPU
	EndGlobalSection
	GlobalSection(ProjectConfigurationPlatforms) = postSolution
		{7A133E45-8248-4A57-A2EE-D23F77F0665B}.Debug|Any CPU.ActiveCfg = Debug|Any CPU
		{7A133E45-8248-4A57-A2EE-D23F77F0665B}.Debug|Any CPU.Build.0 = Debug|Any CPU
		{7A133E45-8248-4A57-A2EE-D23F77F0665B}.Release|Any CPU.ActiveCfg = Release|Any CPU
		{7A133E45-8248-4A57-A2EE-D23F77F0665B}.Release|Any CPU.Build.0 = Release|Any CPU
		{5B2152EE-84F5-4029-9C3E-E31E992D610E}.Debug|Any CPU.ActiveCfg = Debug|Any CPU
		{5B2152EE-84F5-4029-9C3E-E31E992D610E}.Debug|Any CPU.Build.0 = Debug|Any CPU
		{5B2152EE-84F5-4029-9C3E-E31E992D610E}.Release|Any CPU.ActiveCfg = Release|Any CPU
		{5B2152EE-84F5-4029-9C3E-E31E992D610E}.Release|Any CPU.Build.0 = Release|Any CPU
		{72754ECC-35A2-41E7-A0F1-287915FA443B}.Debug|Any CPU.ActiveCfg = Debug|Any CPU
		{72754ECC-35A2-41E7-A0F1-287915FA443B}.Debug|Any CPU.Build.0 = Debug|Any CPU
		{72754ECC-35A2-41E7-A0F1-287915FA443B}.Release|Any CPU.ActiveCfg = Release|Any CPU
		{72754ECC-35A2-41E7-A0F1-287915FA443B}.Release|Any CPU.Build.0 = Release|Any CPU
		{DE979CDD-C225-4B62-AE01-0002D8E7189F}.Debug|Any CPU.ActiveCfg = Debug|Any CPU
		{DE979CDD-C225-4B62-AE01-0002D8E7189F}.Debug|Any CPU.Build.0 = Debug|Any CPU
		{DE979CDD-C225-4B62-AE01-0002D8E7189F}.Release|Any CPU.ActiveCfg = Release|Any CPU
		{DE979CDD-C225-4B62-AE01-0002D8E7189F}.Release|Any CPU.Build.0 = Release|Any CPU
		{1277DDC0-FF6D-4FCE-81E4-CFD2DE2658C9}.Debug|Any CPU.ActiveCfg = Debug|Any CPU
		{1277DDC0-FF6D-4FCE-81E4-CFD2DE2658C9}.Debug|Any CPU.Build.0 = Debug|Any CPU
		{1277DDC0-FF6D-4FCE-81E4-CFD2DE2658C9}.Release|Any CPU.ActiveCfg = Release|Any CPU
		{1277DDC0-FF6D-4FCE-81E4-CFD2DE2658C9}.Release|Any CPU.Build.0 = Release|Any CPU
		{3A3632EA-2C91-4E85-98DF-FDC4628E5468}.Debug|Any CPU.ActiveCfg = Debug|Any CPU
		{3A3632EA-2C91-4E85-98DF-FDC4628E5468}.Debug|Any CPU.Build.0 = Debug|Any CPU
		{3A3632EA-2C91-4E85-98DF-FDC4628E5468}.Release|Any CPU.ActiveCfg = Release|Any CPU
		{3A3632EA-2C91-4E85-98DF-FDC4628E5468}.Release|Any CPU.Build.0 = Release|Any CPU
	EndGlobalSection
	GlobalSection(SolutionProperties) = preSolution
		HideSolutionNode = FALSE
	EndGlobalSection
	GlobalSection(NestedProjects) = preSolution
		{7A133E45-8248-4A57-A2EE-D23F77F0665B} = {5EADB0E9-929F-4F15-B9BC-66B2D02E8A05}
		{5B2152EE-84F5-4029-9C3E-E31E992D610E} = {5EADB0E9-929F-4F15-B9BC-66B2D02E8A05}
		{72754ECC-35A2-41E7-A0F1-287915FA443B} = {AAA947BE-9179-4BB5-9BA1-909C4E770B55}
		{DE979CDD-C225-4B62-AE01-0002D8E7189F} = {4B70D702-3CF5-47BD-A1C3-FF9EF1721922}
		{1277DDC0-FF6D-4FCE-81E4-CFD2DE2658C9} = {AAA947BE-9179-4BB5-9BA1-909C4E770B55}
		{3A3632EA-2C91-4E85-98DF-FDC4628E5468} = {4B70D702-3CF5-47BD-A1C3-FF9EF1721922}
	EndGlobalSection
	GlobalSection(ExtensibilityGlobals) = postSolution
		SolutionGuid = {C7E49D51-81B3-4CF0-A089-120C13C69FF5}
	EndGlobalSection
EndGlobal
